// !$*UTF8*$!
{
	archiveVersion = 1;
	classes = {
	};
	objectVersion = 55;
	objects = {

/* Begin PBXBuildFile section */
		941B58C92923E64D0041BBA8 /* AppDelegate.swift in Sources */ = {isa = PBXBuildFile; fileRef = 941B58C82923E64D0041BBA8 /* AppDelegate.swift */; };
		941B58CB2923E64D0041BBA8 /* SceneDelegate.swift in Sources */ = {isa = PBXBuildFile; fileRef = 941B58CA2923E64D0041BBA8 /* SceneDelegate.swift */; };
		941B58D02923E64D0041BBA8 /* Main.storyboard in Resources */ = {isa = PBXBuildFile; fileRef = 941B58CE2923E64D0041BBA8 /* Main.storyboard */; };
		941B58D22923E64E0041BBA8 /* Assets.xcassets in Resources */ = {isa = PBXBuildFile; fileRef = 941B58D12923E64E0041BBA8 /* Assets.xcassets */; };
		941B58D52923E64E0041BBA8 /* LaunchScreen.storyboard in Resources */ = {isa = PBXBuildFile; fileRef = 941B58D32923E64E0041BBA8 /* LaunchScreen.storyboard */; };
		941B58E12923EA630041BBA8 /* AlbumsViewController.swift in Sources */ = {isa = PBXBuildFile; fileRef = 941B58E02923EA630041BBA8 /* AlbumsViewController.swift */; };
		941B58E82923EB9A0041BBA8 /* SnapKit in Frameworks */ = {isa = PBXBuildFile; productRef = 941B58E72923EB9A0041BBA8 /* SnapKit */; };
		94F37BE72924BA0D00689226 /* AlbumCollectionViewCell.swift in Sources */ = {isa = PBXBuildFile; fileRef = 94F37BE62924BA0D00689226 /* AlbumCollectionViewCell.swift */; };
/* End PBXBuildFile section */

/* Begin PBXFileReference section */
		941B58C52923E64D0041BBA8 /* 14th_HW.app */ = {isa = PBXFileReference; explicitFileType = wrapper.application; includeInIndex = 0; path = 14th_HW.app; sourceTree = BUILT_PRODUCTS_DIR; };
		941B58C82923E64D0041BBA8 /* AppDelegate.swift */ = {isa = PBXFileReference; lastKnownFileType = sourcecode.swift; path = AppDelegate.swift; sourceTree = "<group>"; };
		941B58CA2923E64D0041BBA8 /* SceneDelegate.swift */ = {isa = PBXFileReference; lastKnownFileType = sourcecode.swift; path = SceneDelegate.swift; sourceTree = "<group>"; };
		941B58CF2923E64D0041BBA8 /* Base */ = {isa = PBXFileReference; lastKnownFileType = file.storyboard; name = Base; path = Base.lproj/Main.storyboard; sourceTree = "<group>"; };
		941B58D12923E64E0041BBA8 /* Assets.xcassets */ = {isa = PBXFileReference; lastKnownFileType = folder.assetcatalog; path = Assets.xcassets; sourceTree = "<group>"; };
		941B58D42923E64E0041BBA8 /* Base */ = {isa = PBXFileReference; lastKnownFileType = file.storyboard; name = Base; path = Base.lproj/LaunchScreen.storyboard; sourceTree = "<group>"; };
		941B58D62923E64E0041BBA8 /* Info.plist */ = {isa = PBXFileReference; lastKnownFileType = text.plist.xml; path = Info.plist; sourceTree = "<group>"; };
		941B58E02923EA630041BBA8 /* AlbumsViewController.swift */ = {isa = PBXFileReference; lastKnownFileType = sourcecode.swift; path = AlbumsViewController.swift; sourceTree = "<group>"; };
		94F37BE62924BA0D00689226 /* AlbumCollectionViewCell.swift */ = {isa = PBXFileReference; lastKnownFileType = sourcecode.swift; path = AlbumCollectionViewCell.swift; sourceTree = "<group>"; };
/* End PBXFileReference section */

/* Begin PBXFrameworksBuildPhase section */
		941B58C22923E64D0041BBA8 /* Frameworks */ = {
			isa = PBXFrameworksBuildPhase;
			buildActionMask = 2147483647;
			files = (
				941B58E82923EB9A0041BBA8 /* SnapKit in Frameworks */,
			);
			runOnlyForDeploymentPostprocessing = 0;
		};
/* End PBXFrameworksBuildPhase section */

/* Begin PBXGroup section */
		941B58BC2923E64D0041BBA8 = {
			isa = PBXGroup;
			children = (
				941B58C72923E64D0041BBA8 /* 14th_HW */,
				941B58C62923E64D0041BBA8 /* Products */,
			);
			sourceTree = "<group>";
		};
		941B58C62923E64D0041BBA8 /* Products */ = {
			isa = PBXGroup;
			children = (
				941B58C52923E64D0041BBA8 /* 14th_HW.app */,
			);
			name = Products;
			sourceTree = "<group>";
		};
		941B58C72923E64D0041BBA8 /* 14th_HW */ = {
			isa = PBXGroup;
			children = (
				941B58DD2923E9B40041BBA8 /* Resources */,
				941B58DC2923E9AA0041BBA8 /* Sources */,
			);
			path = 14th_HW;
			sourceTree = "<group>";
		};
		941B58DC2923E9AA0041BBA8 /* Sources */ = {
			isa = PBXGroup;
			children = (
				941B58E42923EAB30041BBA8 /* Scenes */,
				941B58E32923EA9D0041BBA8 /* Storyboards */,
				941B58DE2923EA1E0041BBA8 /* Views */,
			);
			path = Sources;
			sourceTree = "<group>";
		};
		941B58DD2923E9B40041BBA8 /* Resources */ = {
			isa = PBXGroup;
			children = (
				941B58D12923E64E0041BBA8 /* Assets.xcassets */,
				941B58E52923EABE0041BBA8 /* Configuration */,
			);
			path = Resources;
			sourceTree = "<group>";
		};
		941B58DE2923EA1E0041BBA8 /* Views */ = {
			isa = PBXGroup;
			children = (
				941B58E22923EA7D0041BBA8 /* Cells */,
				941B58E02923EA630041BBA8 /* AlbumsViewController.swift */,
			);
			path = Views;
			sourceTree = "<group>";
		};
		941B58E22923EA7D0041BBA8 /* Cells */ = {
			isa = PBXGroup;
			children = (
				94F37BE62924BA0D00689226 /* AlbumCollectionViewCell.swift */,
			);
			path = Cells;
			sourceTree = "<group>";
		};
		941B58E32923EA9D0041BBA8 /* Storyboards */ = {
			isa = PBXGroup;
			children = (
				941B58CE2923E64D0041BBA8 /* Main.storyboard */,
				941B58D32923E64E0041BBA8 /* LaunchScreen.storyboard */,
			);
			path = Storyboards;
			sourceTree = "<group>";
		};
		941B58E42923EAB30041BBA8 /* Scenes */ = {
			isa = PBXGroup;
			children = (
				941B58C82923E64D0041BBA8 /* AppDelegate.swift */,
				941B58CA2923E64D0041BBA8 /* SceneDelegate.swift */,
			);
			path = Scenes;
			sourceTree = "<group>";
		};
		941B58E52923EABE0041BBA8 /* Configuration */ = {
			isa = PBXGroup;
			children = (
				941B58D62923E64E0041BBA8 /* Info.plist */,
			);
			path = Configuration;
			sourceTree = "<group>";
		};
/* End PBXGroup section */

/* Begin PBXNativeTarget section */
		941B58C42923E64D0041BBA8 /* 14th_HW */ = {
			isa = PBXNativeTarget;
			buildConfigurationList = 941B58D92923E64E0041BBA8 /* Build configuration list for PBXNativeTarget "14th_HW" */;
			buildPhases = (
				941B58C12923E64D0041BBA8 /* Sources */,
				941B58C22923E64D0041BBA8 /* Frameworks */,
				941B58C32923E64D0041BBA8 /* Resources */,
			);
			buildRules = (
			);
			dependencies = (
			);
			name = 14th_HW;
			packageProductDependencies = (
				941B58E72923EB9A0041BBA8 /* SnapKit */,
			);
			productName = 14th_HW;
			productReference = 941B58C52923E64D0041BBA8 /* 14th_HW.app */;
			productType = "com.apple.product-type.application";
		};
/* End PBXNativeTarget section */

/* Begin PBXProject section */
		941B58BD2923E64D0041BBA8 /* Project object */ = {
			isa = PBXProject;
			attributes = {
				BuildIndependentTargetsInParallel = 1;
				LastSwiftUpdateCheck = 1330;
				LastUpgradeCheck = 1330;
				TargetAttributes = {
					941B58C42923E64D0041BBA8 = {
						CreatedOnToolsVersion = 13.3.1;
					};
				};
			};
			buildConfigurationList = 941B58C02923E64D0041BBA8 /* Build configuration list for PBXProject "14th_HW" */;
			compatibilityVersion = "Xcode 13.0";
			developmentRegion = en;
			hasScannedForEncodings = 0;
			knownRegions = (
				en,
				Base,
			);
			mainGroup = 941B58BC2923E64D0041BBA8;
			packageReferences = (
				941B58E62923EB9A0041BBA8 /* XCRemoteSwiftPackageReference "SnapKit" */,
			);
			productRefGroup = 941B58C62923E64D0041BBA8 /* Products */;
			projectDirPath = "";
			projectRoot = "";
			targets = (
				941B58C42923E64D0041BBA8 /* 14th_HW */,
			);
		};
/* End PBXProject section */

/* Begin PBXResourcesBuildPhase section */
		941B58C32923E64D0041BBA8 /* Resources */ = {
			isa = PBXResourcesBuildPhase;
			buildActionMask = 2147483647;
			files = (
				941B58D52923E64E0041BBA8 /* LaunchScreen.storyboard in Resources */,
				941B58D22923E64E0041BBA8 /* Assets.xcassets in Resources */,
				941B58D02923E64D0041BBA8 /* Main.storyboard in Resources */,
			);
			runOnlyForDeploymentPostprocessing = 0;
		};
/* End PBXResourcesBuildPhase section */

/* Begin PBXSourcesBuildPhase section */
		941B58C12923E64D0041BBA8 /* Sources */ = {
			isa = PBXSourcesBuildPhase;
			buildActionMask = 2147483647;
			files = (
				94F37BE72924BA0D00689226 /* AlbumCollectionViewCell.swift in Sources */,
				941B58E12923EA630041BBA8 /* AlbumsViewController.swift in Sources */,
				941B58C92923E64D0041BBA8 /* AppDelegate.swift in Sources */,
				941B58CB2923E64D0041BBA8 /* SceneDelegate.swift in Sources */,
			);
			runOnlyForDeploymentPostprocessing = 0;
		};
/* End PBXSourcesBuildPhase section */

/* Begin PBXVariantGroup section */
		941B58CE2923E64D0041BBA8 /* Main.storyboard */ = {
			isa = PBXVariantGroup;
			children = (
				941B58CF2923E64D0041BBA8 /* Base */,
			);
			name = Main.storyboard;
			sourceTree = "<group>";
		};
		941B58D32923E64E0041BBA8 /* LaunchScreen.storyboard */ = {
			isa = PBXVariantGroup;
			children = (
				941B58D42923E64E0041BBA8 /* Base */,
			);
			name = LaunchScreen.storyboard;
			sourceTree = "<group>";
		};
/* End PBXVariantGroup section */

/* Begin XCBuildConfiguration section */
		941B58D72923E64E0041BBA8 /* Debug */ = {
			isa = XCBuildConfiguration;
			buildSettings = {
				ALWAYS_SEARCH_USER_PATHS = NO;
				CLANG_ANALYZER_NONNULL = YES;
				CLANG_ANALYZER_NUMBER_OBJECT_CONVERSION = YES_AGGRESSIVE;
				CLANG_CXX_LANGUAGE_STANDARD = "gnu++17";
				CLANG_ENABLE_MODULES = YES;
				CLANG_ENABLE_OBJC_ARC = YES;
				CLANG_ENABLE_OBJC_WEAK = YES;
				CLANG_WARN_BLOCK_CAPTURE_AUTORELEASING = YES;
				CLANG_WARN_BOOL_CONVERSION = YES;
				CLANG_WARN_COMMA = YES;
				CLANG_WARN_CONSTANT_CONVERSION = YES;
				CLANG_WARN_DEPRECATED_OBJC_IMPLEMENTATIONS = YES;
				CLANG_WARN_DIRECT_OBJC_ISA_USAGE = YES_ERROR;
				CLANG_WARN_DOCUMENTATION_COMMENTS = YES;
				CLANG_WARN_EMPTY_BODY = YES;
				CLANG_WARN_ENUM_CONVERSION = YES;
				CLANG_WARN_INFINITE_RECURSION = YES;
				CLANG_WARN_INT_CONVERSION = YES;
				CLANG_WARN_NON_LITERAL_NULL_CONVERSION = YES;
				CLANG_WARN_OBJC_IMPLICIT_RETAIN_SELF = YES;
				CLANG_WARN_OBJC_LITERAL_CONVERSION = YES;
				CLANG_WARN_OBJC_ROOT_CLASS = YES_ERROR;
				CLANG_WARN_QUOTED_INCLUDE_IN_FRAMEWORK_HEADER = YES;
				CLANG_WARN_RANGE_LOOP_ANALYSIS = YES;
				CLANG_WARN_STRICT_PROTOTYPES = YES;
				CLANG_WARN_SUSPICIOUS_MOVE = YES;
				CLANG_WARN_UNGUARDED_AVAILABILITY = YES_AGGRESSIVE;
				CLANG_WARN_UNREACHABLE_CODE = YES;
				CLANG_WARN__DUPLICATE_METHOD_MATCH = YES;
				COPY_PHASE_STRIP = NO;
				DEBUG_INFORMATION_FORMAT = dwarf;
				ENABLE_STRICT_OBJC_MSGSEND = YES;
				ENABLE_TESTABILITY = YES;
				GCC_C_LANGUAGE_STANDARD = gnu11;
				GCC_DYNAMIC_NO_PIC = NO;
				GCC_NO_COMMON_BLOCKS = YES;
				GCC_OPTIMIZATION_LEVEL = 0;
				GCC_PREPROCESSOR_DEFINITIONS = (
					"DEBUG=1",
					"$(inherited)",
				);
				GCC_WARN_64_TO_32_BIT_CONVERSION = YES;
				GCC_WARN_ABOUT_RETURN_TYPE = YES_ERROR;
				GCC_WARN_UNDECLARED_SELECTOR = YES;
				GCC_WARN_UNINITIALIZED_AUTOS = YES_AGGRESSIVE;
				GCC_WARN_UNUSED_FUNCTION = YES;
				GCC_WARN_UNUSED_VARIABLE = YES;
				IPHONEOS_DEPLOYMENT_TARGET = 15.2;
				MTL_ENABLE_DEBUG_INFO = INCLUDE_SOURCE;
				MTL_FAST_MATH = YES;
				ONLY_ACTIVE_ARCH = YES;
				SDKROOT = iphoneos;
				SWIFT_ACTIVE_COMPILATION_CONDITIONS = DEBUG;
				SWIFT_OPTIMIZATION_LEVEL = "-Onone";
			};
			name = Debug;
		};
		941B58D82923E64E0041BBA8 /* Release */ = {
			isa = XCBuildConfiguration;
			buildSettings = {
				ALWAYS_SEARCH_USER_PATHS = NO;
				CLANG_ANALYZER_NONNULL = YES;
				CLANG_ANALYZER_NUMBER_OBJECT_CONVERSION = YES_AGGRESSIVE;
				CLANG_CXX_LANGUAGE_STANDARD = "gnu++17";
				CLANG_ENABLE_MODULES = YES;
				CLANG_ENABLE_OBJC_ARC = YES;
				CLANG_ENABLE_OBJC_WEAK = YES;
				CLANG_WARN_BLOCK_CAPTURE_AUTORELEASING = YES;
				CLANG_WARN_BOOL_CONVERSION = YES;
				CLANG_WARN_COMMA = YES;
				CLANG_WARN_CONSTANT_CONVERSION = YES;
				CLANG_WARN_DEPRECATED_OBJC_IMPLEMENTATIONS = YES;
				CLANG_WARN_DIRECT_OBJC_ISA_USAGE = YES_ERROR;
				CLANG_WARN_DOCUMENTATION_COMMENTS = YES;
				CLANG_WARN_EMPTY_BODY = YES;
				CLANG_WARN_ENUM_CONVERSION = YES;
				CLANG_WARN_INFINITE_RECURSION = YES;
				CLANG_WARN_INT_CONVERSION = YES;
				CLANG_WARN_NON_LITERAL_NULL_CONVERSION = YES;
				CLANG_WARN_OBJC_IMPLICIT_RETAIN_SELF = YES;
				CLANG_WARN_OBJC_LITERAL_CONVERSION = YES;
				CLANG_WARN_OBJC_ROOT_CLASS = YES_ERROR;
				CLANG_WARN_QUOTED_INCLUDE_IN_FRAMEWORK_HEADER = YES;
				CLANG_WARN_RANGE_LOOP_ANALYSIS = YES;
				CLANG_WARN_STRICT_PROTOTYPES = YES;
				CLANG_WARN_SUSPICIOUS_MOVE = YES;
				CLANG_WARN_UNGUARDED_AVAILABILITY = YES_AGGRESSIVE;
				CLANG_WARN_UNREACHABLE_CODE = YES;
				CLANG_WARN__DUPLICATE_METHOD_MATCH = YES;
				COPY_PHASE_STRIP = NO;
				DEBUG_INFORMATION_FORMAT = "dwarf-with-dsym";
				ENABLE_NS_ASSERTIONS = NO;
				ENABLE_STRICT_OBJC_MSGSEND = YES;
				GCC_C_LANGUAGE_STANDARD = gnu11;
				GCC_NO_COMMON_BLOCKS = YES;
				GCC_WARN_64_TO_32_BIT_CONVERSION = YES;
				GCC_WARN_ABOUT_RETURN_TYPE = YES_ERROR;
				GCC_WARN_UNDECLARED_SELECTOR = YES;
				GCC_WARN_UNINITIALIZED_AUTOS = YES_AGGRESSIVE;
				GCC_WARN_UNUSED_FUNCTION = YES;
				GCC_WARN_UNUSED_VARIABLE = YES;
				IPHONEOS_DEPLOYMENT_TARGET = 15.2;
				MTL_ENABLE_DEBUG_INFO = NO;
				MTL_FAST_MATH = YES;
				SDKROOT = iphoneos;
				SWIFT_COMPILATION_MODE = wholemodule;
				SWIFT_OPTIMIZATION_LEVEL = "-O";
				VALIDATE_PRODUCT = YES;
			};
			name = Release;
		};
		941B58DA2923E64E0041BBA8 /* Debug */ = {
			isa = XCBuildConfiguration;
			buildSettings = {
				ASSETCATALOG_COMPILER_APPICON_NAME = AppIcon;
				ASSETCATALOG_COMPILER_GLOBAL_ACCENT_COLOR_NAME = AccentColor;
				CODE_SIGN_STYLE = Automatic;
				CURRENT_PROJECT_VERSION = 1;
				DEVELOPMENT_TEAM = MYSXL7XCCM;
				GENERATE_INFOPLIST_FILE = YES;
				INFOPLIST_FILE = 14th_HW/Resources/Configuration/Info.plist;
				INFOPLIST_KEY_UIApplicationSupportsIndirectInputEvents = YES;
				INFOPLIST_KEY_UILaunchStoryboardName = LaunchScreen;
				INFOPLIST_KEY_UIMainStoryboardFile = Main;
				INFOPLIST_KEY_UISupportedInterfaceOrientations_iPad = "UIInterfaceOrientationPortrait UIInterfaceOrientationPortraitUpsideDown UIInterfaceOrientationLandscapeLeft UIInterfaceOrientationLandscapeRight";
				INFOPLIST_KEY_UISupportedInterfaceOrientations_iPhone = "UIInterfaceOrientationPortrait UIInterfaceOrientationLandscapeLeft UIInterfaceOrientationLandscapeRight";
				IPHONEOS_DEPLOYMENT_TARGET = 15.2;
				LD_RUNPATH_SEARCH_PATHS = (
					"$(inherited)",
					"@executable_path/Frameworks",
				);
				MARKETING_VERSION = 1.0;
				PRODUCT_BUNDLE_IDENTIFIER = "y123.-4th-HW";
				PRODUCT_NAME = "$(TARGET_NAME)";
				SWIFT_EMIT_LOC_STRINGS = YES;
				SWIFT_VERSION = 5.0;
				TARGETED_DEVICE_FAMILY = 1;
			};
			name = Debug;
		};
		941B58DB2923E64E0041BBA8 /* Release */ = {
			isa = XCBuildConfiguration;
			buildSettings = {
				ASSETCATALOG_COMPILER_APPICON_NAME = AppIcon;
				ASSETCATALOG_COMPILER_GLOBAL_ACCENT_COLOR_NAME = AccentColor;
				CODE_SIGN_STYLE = Automatic;
				CURRENT_PROJECT_VERSION = 1;
				DEVELOPMENT_TEAM = MYSXL7XCCM;
				GENERATE_INFOPLIST_FILE = YES;
				INFOPLIST_FILE = 14th_HW/Resources/Configuration/Info.plist;
				INFOPLIST_KEY_UIApplicationSupportsIndirectInputEvents = YES;
				INFOPLIST_KEY_UILaunchStoryboardName = LaunchScreen;
				INFOPLIST_KEY_UIMainStoryboardFile = Main;
				INFOPLIST_KEY_UISupportedInterfaceOrientations_iPad = "UIInterfaceOrientationPortrait UIInterfaceOrientationPortraitUpsideDown UIInterfaceOrientationLandscapeLeft UIInterfaceOrientationLandscapeRight";
				INFOPLIST_KEY_UISupportedInterfaceOrientations_iPhone = "UIInterfaceOrientationPortrait UIInterfaceOrientationLandscapeLeft UIInterfaceOrientationLandscapeRight";
				IPHONEOS_DEPLOYMENT_TARGET = 15.2;
				LD_RUNPATH_SEARCH_PATHS = (
					"$(inherited)",
					"@executable_path/Frameworks",
				);
				MARKETING_VERSION = 1.0;
				PRODUCT_BUNDLE_IDENTIFIER = "y123.-4th-HW";
				PRODUCT_NAME = "$(TARGET_NAME)";
				SWIFT_EMIT_LOC_STRINGS = YES;
				SWIFT_VERSION = 5.0;
				TARGETED_DEVICE_FAMILY = 1;
			};
			name = Release;
		};
/* End XCBuildConfiguration section */

/* Begin XCConfigurationList section */
		941B58C02923E64D0041BBA8 /* Build configuration list for PBXProject "14th_HW" */ = {
			isa = XCConfigurationList;
			buildConfigurations = (
				941B58D72923E64E0041BBA8 /* Debug */,
				941B58D82923E64E0041BBA8 /* Release */,
			);
			defaultConfigurationIsVisible = 0;
			defaultConfigurationName = Release;
		};
		941B58D92923E64E0041BBA8 /* Build configuration list for PBXNativeTarget "14th_HW" */ = {
			isa = XCConfigurationList;
			buildConfigurations = (
				941B58DA2923E64E0041BBA8 /* Debug */,
				941B58DB2923E64E0041BBA8 /* Release */,
			);
			defaultConfigurationIsVisible = 0;
			defaultConfigurationName = Release;
		};
/* End XCConfigurationList section */

/* Begin XCRemoteSwiftPackageReference section */
		941B58E62923EB9A0041BBA8 /* XCRemoteSwiftPackageReference "SnapKit" */ = {
			isa = XCRemoteSwiftPackageReference;
			repositoryURL = "https://github.com/SnapKit/SnapKit";
			requirement = {
				branch = develop;
				kind = branch;
			};
		};
/* End XCRemoteSwiftPackageReference section */

/* Begin XCSwiftPackageProductDependency section */
		941B58E72923EB9A0041BBA8 /* SnapKit */ = {
			isa = XCSwiftPackageProductDependency;
			package = 941B58E62923EB9A0041BBA8 /* XCRemoteSwiftPackageReference "SnapKit" */;
			productName = SnapKit;
		};
/* End XCSwiftPackageProductDependency section */
	};
	rootObject = 941B58BD2923E64D0041BBA8 /* Project object */;
}
